
Microsoft Visual Studio Solution File, Format Version 12.00
# Visual Studio 15
VisualStudioVersion = 15.0.27428.2037
MinimumVisualStudioVersion = 10.0.40219.1
Project("{888888A0-9F3D-457C-B088-3A5042F75D52}") = "man-power", "man-power\man-power.pyproj", "{84D1C069-F4E9-44EE-B009-C7EC79653F4D}"
EndProject
Global
	GlobalSection(SolutionConfigurationPlatforms) = preSolution
		Debug|Any CPU = Debug|Any CPU
		Release|Any CPU = Release|Any CPU
	EndGlobalSection
	GlobalSection(ProjectConfigurationPlatforms) = postSolution
		{84D1C069-F4E9-44EE-B009-C7EC79653F4D}.Debug|Any CPU.ActiveCfg = Debug|Any CPU
		{84D1C069-F4E9-44EE-B009-C7EC79653F4D}.Debug|Any CPU.Build.0 = Debug|Any CPU
		{84D1C069-F4E9-44EE-B009-C7EC79653F4D}.Release|Any CPU.ActiveCfg = Release|Any CPU
		{84D1C069-F4E9-44EE-B009-C7EC79653F4D}.Release|Any CPU.Build.0 = Release|Any CPU
	EndGlobalSection
	GlobalSection(SolutionProperties) = preSolution
		HideSolutionNode = FALSE
	EndGlobalSection
	GlobalSection(ExtensibilityGlobals) = postSolution
		SolutionGuid = {C3D3CE0B-AC9A-463D-9B67-2D0FD34F2CAD}
	EndGlobalSection
EndGlobal
